
Microsoft Visual Studio Solution File, Format Version 12.00
# Visual Studio Version 16
VisualStudioVersion = 16.0.31112.23
MinimumVisualStudioVersion = 10.0.40219.1
Project("{FAE04EC0-301F-11D3-BF4B-00C04F79EFBC}") = "PC_Satis_19381023", "PC_Satis_19381023\PC_Satis_19381023.csproj", "{A26BC093-B432-4E89-8FF8-4FABE5A08368}"
EndProject
Global
	GlobalSection(SolutionConfigurationPlatforms) = preSolution
		Debug|Any CPU = Debug|Any CPU
		Release|Any CPU = Release|Any CPU
	EndGlobalSection
	GlobalSection(ProjectConfigurationPlatforms) = postSolution
		{A26BC093-B432-4E89-8FF8-4FABE5A08368}.Debug|Any CPU.ActiveCfg = Debug|Any CPU
		{A26BC093-B432-4E89-8FF8-4FABE5A08368}.Debug|Any CPU.Build.0 = Debug|Any CPU
		{A26BC093-B432-4E89-8FF8-4FABE5A08368}.Release|Any CPU.ActiveCfg = Release|Any CPU
		{A26BC093-B432-4E89-8FF8-4FABE5A08368}.Release|Any CPU.Build.0 = Release|Any CPU
	EndGlobalSection
	GlobalSection(SolutionProperties) = preSolution
		HideSolutionNode = FALSE
	EndGlobalSection
	GlobalSection(ExtensibilityGlobals) = postSolution
		SolutionGuid = {A53E7C92-E4B3-4E88-B685-3807AD08F423}
	EndGlobalSection
EndGlobal
